
Microsoft Visual Studio Solution File, Format Version 12.00
# Visual Studio Version 16
VisualStudioVersion = 16.0.30503.244
MinimumVisualStudioVersion = 10.0.40219.1
Project("{9A19103F-16F7-4668-BE54-9A1E7A4F7556}") = "Tourism", "Tourism\Tourism.csproj", "{54DE9AE9-A651-43D9-A05F-CDF46E1D07BB}"
EndProject
Project("{2150E333-8FDC-42A3-9474-1A3956D46DE8}") = "Solution Items", "Solution Items", "{565E1F61-5F97-48A5-90B9-52BCCA101008}"
	ProjectSection(SolutionItems) = preProject
		.editorconfig = .editorconfig
	EndProjectSection
EndProject
Global
	GlobalSection(SolutionConfigurationPlatforms) = preSolution
		Debug|Any CPU = Debug|Any CPU
		Release|Any CPU = Release|Any CPU
	EndGlobalSection
	GlobalSection(ProjectConfigurationPlatforms) = postSolution
		{54DE9AE9-A651-43D9-A05F-CDF46E1D07BB}.Debug|Any CPU.ActiveCfg = Debug|Any CPU
		{54DE9AE9-A651-43D9-A05F-CDF46E1D07BB}.Debug|Any CPU.Build.0 = Debug|Any CPU
		{54DE9AE9-A651-43D9-A05F-CDF46E1D07BB}.Release|Any CPU.ActiveCfg = Release|Any CPU
		{54DE9AE9-A651-43D9-A05F-CDF46E1D07BB}.Release|Any CPU.Build.0 = Release|Any CPU
	EndGlobalSection
	GlobalSection(SolutionProperties) = preSolution
		HideSolutionNode = FALSE
	EndGlobalSection
	GlobalSection(ExtensibilityGlobals) = postSolution
		SolutionGuid = {8C366D1A-AC83-40F6-BBB9-54664111C502}
	EndGlobalSection
EndGlobal
